
Microsoft Visual Studio Solution File, Format Version 12.00
# Visual Studio 14
VisualStudioVersion = 14.0.25420.1
MinimumVisualStudioVersion = 10.0.40219.1
Project("{8BB2217D-0F2D-49D1-97BC-3654ED321F3B}") = "Server", "Server\Server.xproj", "{9BB58B33-CE6A-4C32-BEE1-0BF7412135F2}"
EndProject
Project("{2150E333-8FDC-42A3-9474-1A3956D46DE8}") = "Docs", "Docs", "{407FB4EA-9560-45B8-8B9C-56750DD482AE}"
EndProject
Global
	GlobalSection(SolutionConfigurationPlatforms) = preSolution
		Debug|Any CPU = Debug|Any CPU
		Release|Any CPU = Release|Any CPU
	EndGlobalSection
	GlobalSection(ProjectConfigurationPlatforms) = postSolution
		{9BB58B33-CE6A-4C32-BEE1-0BF7412135F2}.Debug|Any CPU.ActiveCfg = Debug|Any CPU
		{9BB58B33-CE6A-4C32-BEE1-0BF7412135F2}.Debug|Any CPU.Build.0 = Debug|Any CPU
		{9BB58B33-CE6A-4C32-BEE1-0BF7412135F2}.Release|Any CPU.ActiveCfg = Release|Any CPU
		{9BB58B33-CE6A-4C32-BEE1-0BF7412135F2}.Release|Any CPU.Build.0 = Release|Any CPU
	EndGlobalSection
	GlobalSection(SolutionProperties) = preSolution
		HideSolutionNode = FALSE
	EndGlobalSection
EndGlobal
